// !$*UTF8*$!
{
	archiveVersion = 1;
	classes = {
	};
	objectVersion = 50;
	objects = {

/* Begin PBXBuildFile section */
		7D0D61492702114800D01556 /* main.swift in Sources */ = {isa = PBXBuildFile; fileRef = 7D0D61482702114800D01556 /* main.swift */; };
		7D0D615227022BFD00D01556 /* AccountModel.swift in Sources */ = {isa = PBXBuildFile; fileRef = 7D0D615127022BFD00D01556 /* AccountModel.swift */; };
		7D0D61552702302800D01556 /* AccountsView.swift in Sources */ = {isa = PBXBuildFile; fileRef = 7D0D61542702302800D01556 /* AccountsView.swift */; };
		7D0D615A27025D7400D01556 /* AccountsController.swift in Sources */ = {isa = PBXBuildFile; fileRef = 7D0D615927025D7400D01556 /* AccountsController.swift */; };
		7D5728542705ED3D003B2227 /* UserView.swift in Sources */ = {isa = PBXBuildFile; fileRef = 7D5728532705ED3D003B2227 /* UserView.swift */; };
		7D572856270601ED003B2227 /* UsersController.swift in Sources */ = {isa = PBXBuildFile; fileRef = 7D572855270601ED003B2227 /* UsersController.swift */; };
		7D572858270631FB003B2227 /* PixModel.swift in Sources */ = {isa = PBXBuildFile; fileRef = 7D572857270631FB003B2227 /* PixModel.swift */; };
		7D8DB4FF270E0C75004BDB75 /* DatabaseErros.swift in Sources */ = {isa = PBXBuildFile; fileRef = 7D8DB4FE270E0C75004BDB75 /* DatabaseErros.swift */; };
		7D8DB502270E127B004BDB75 /* StringValidators.swift in Sources */ = {isa = PBXBuildFile; fileRef = 7D8DB501270E127B004BDB75 /* StringValidators.swift */; };
		7D8DB508270F5907004BDB75 /* Menu.swift in Sources */ = {isa = PBXBuildFile; fileRef = 7D8DB507270F5907004BDB75 /* Menu.swift */; };
		7DD476B7270CC76B0006FFA2 /* UserDatabase.swift in Sources */ = {isa = PBXBuildFile; fileRef = 7DD476B6270CC76B0006FFA2 /* UserDatabase.swift */; };
		7DD476B9270CC8FF0006FFA2 /* AccountDatabase.swift in Sources */ = {isa = PBXBuildFile; fileRef = 7DD476B8270CC8FF0006FFA2 /* AccountDatabase.swift */; };
		7DF3CA732704F12200A557F8 /* UsersModel.swift in Sources */ = {isa = PBXBuildFile; fileRef = 7DF3CA722704F12200A557F8 /* UsersModel.swift */; };
/* End PBXBuildFile section */

/* Begin PBXCopyFilesBuildPhase section */
		7D0D61432702114800D01556 /* CopyFiles */ = {
			isa = PBXCopyFilesBuildPhase;
			buildActionMask = 2147483647;
			dstPath = /usr/share/man/man1/;
			dstSubfolderSpec = 0;
			files = (
			);
			runOnlyForDeploymentPostprocessing = 1;
		};
/* End PBXCopyFilesBuildPhase section */

/* Begin PBXFileReference section */
		7D0D61452702114800D01556 /* BankSimulator */ = {isa = PBXFileReference; explicitFileType = "compiled.mach-o.executable"; includeInIndex = 0; path = BankSimulator; sourceTree = BUILT_PRODUCTS_DIR; };
		7D0D61482702114800D01556 /* main.swift */ = {isa = PBXFileReference; lastKnownFileType = sourcecode.swift; path = main.swift; sourceTree = "<group>"; };
		7D0D615127022BFD00D01556 /* AccountModel.swift */ = {isa = PBXFileReference; lastKnownFileType = sourcecode.swift; path = AccountModel.swift; sourceTree = "<group>"; };
		7D0D61542702302800D01556 /* AccountsView.swift */ = {isa = PBXFileReference; lastKnownFileType = sourcecode.swift; path = AccountsView.swift; sourceTree = "<group>"; };
		7D0D615927025D7400D01556 /* AccountsController.swift */ = {isa = PBXFileReference; lastKnownFileType = sourcecode.swift; path = AccountsController.swift; sourceTree = "<group>"; };
		7D5728532705ED3D003B2227 /* UserView.swift */ = {isa = PBXFileReference; lastKnownFileType = sourcecode.swift; path = UserView.swift; sourceTree = "<group>"; };
		7D572855270601ED003B2227 /* UsersController.swift */ = {isa = PBXFileReference; lastKnownFileType = sourcecode.swift; path = UsersController.swift; sourceTree = "<group>"; };
		7D572857270631FB003B2227 /* PixModel.swift */ = {isa = PBXFileReference; lastKnownFileType = sourcecode.swift; path = PixModel.swift; sourceTree = "<group>"; };
		7D8DB4FE270E0C75004BDB75 /* DatabaseErros.swift */ = {isa = PBXFileReference; lastKnownFileType = sourcecode.swift; path = DatabaseErros.swift; sourceTree = "<group>"; };
		7D8DB501270E127B004BDB75 /* StringValidators.swift */ = {isa = PBXFileReference; lastKnownFileType = sourcecode.swift; path = StringValidators.swift; sourceTree = "<group>"; };
		7D8DB507270F5907004BDB75 /* Menu.swift */ = {isa = PBXFileReference; lastKnownFileType = sourcecode.swift; path = Menu.swift; sourceTree = "<group>"; };
		7DD476B6270CC76B0006FFA2 /* UserDatabase.swift */ = {isa = PBXFileReference; lastKnownFileType = sourcecode.swift; path = UserDatabase.swift; sourceTree = "<group>"; };
		7DD476B8270CC8FF0006FFA2 /* AccountDatabase.swift */ = {isa = PBXFileReference; lastKnownFileType = sourcecode.swift; path = AccountDatabase.swift; sourceTree = "<group>"; };
		7DF3CA722704F12200A557F8 /* UsersModel.swift */ = {isa = PBXFileReference; lastKnownFileType = sourcecode.swift; path = UsersModel.swift; sourceTree = "<group>"; };
/* End PBXFileReference section */

/* Begin PBXFrameworksBuildPhase section */
		7D0D61422702114800D01556 /* Frameworks */ = {
			isa = PBXFrameworksBuildPhase;
			buildActionMask = 2147483647;
			files = (
			);
			runOnlyForDeploymentPostprocessing = 0;
		};
/* End PBXFrameworksBuildPhase section */

/* Begin PBXGroup section */
		7D0D613C2702114800D01556 = {
			isa = PBXGroup;
			children = (
				7D0D61472702114800D01556 /* BankSimulator */,
				7D0D61462702114800D01556 /* Products */,
			);
			sourceTree = "<group>";
		};
		7D0D61462702114800D01556 /* Products */ = {
			isa = PBXGroup;
			children = (
				7D0D61452702114800D01556 /* BankSimulator */,
			);
			name = Products;
			sourceTree = "<group>";
		};
		7D0D61472702114800D01556 /* BankSimulator */ = {
			isa = PBXGroup;
			children = (
				7D8DB500270E126A004BDB75 /* validators */,
				7DD476B5270CC75A0006FFA2 /* Database */,
				7D0D615827025D5000D01556 /* Controllers */,
				7D0D61532702301000D01556 /* Views */,
				7D0D614F27022BB200D01556 /* Models */,
				7D0D61482702114800D01556 /* main.swift */,
			);
			path = BankSimulator;
			sourceTree = "<group>";
		};
		7D0D614F27022BB200D01556 /* Models */ = {
			isa = PBXGroup;
			children = (
				7D0D615127022BFD00D01556 /* AccountModel.swift */,
				7DF3CA722704F12200A557F8 /* UsersModel.swift */,
				7D572857270631FB003B2227 /* PixModel.swift */,
			);
			path = Models;
			sourceTree = "<group>";
		};
		7D0D61532702301000D01556 /* Views */ = {
			isa = PBXGroup;
			children = (
				7D8DB507270F5907004BDB75 /* Menu.swift */,
				7D5728522705ED24003B2227 /* Users */,
				7D0D61572702310600D01556 /* Accounts */,
			);
			path = Views;
			sourceTree = "<group>";
		};
		7D0D61572702310600D01556 /* Accounts */ = {
			isa = PBXGroup;
			children = (
				7D0D61542702302800D01556 /* AccountsView.swift */,
			);
			path = Accounts;
			sourceTree = "<group>";
		};
		7D0D615827025D5000D01556 /* Controllers */ = {
			isa = PBXGroup;
			children = (
				7D0D615927025D7400D01556 /* AccountsController.swift */,
				7D572855270601ED003B2227 /* UsersController.swift */,
			);
			path = Controllers;
			sourceTree = "<group>";
		};
		7D5728522705ED24003B2227 /* Users */ = {
			isa = PBXGroup;
			children = (
				7D5728532705ED3D003B2227 /* UserView.swift */,
			);
			path = Users;
			sourceTree = "<group>";
		};
		7D8DB500270E126A004BDB75 /* validators */ = {
			isa = PBXGroup;
			children = (
				7D8DB501270E127B004BDB75 /* StringValidators.swift */,
				7D8DB4FE270E0C75004BDB75 /* DatabaseErros.swift */,
			);
			path = validators;
			sourceTree = "<group>";
		};
		7DD476B5270CC75A0006FFA2 /* Database */ = {
			isa = PBXGroup;
			children = (
				7DD476B6270CC76B0006FFA2 /* UserDatabase.swift */,
				7DD476B8270CC8FF0006FFA2 /* AccountDatabase.swift */,
			);
			path = Database;
			sourceTree = "<group>";
		};
/* End PBXGroup section */

/* Begin PBXNativeTarget section */
		7D0D61442702114800D01556 /* BankSimulator */ = {
			isa = PBXNativeTarget;
			buildConfigurationList = 7D0D614C2702114800D01556 /* Build configuration list for PBXNativeTarget "BankSimulator" */;
			buildPhases = (
				7D0D61412702114800D01556 /* Sources */,
				7D0D61422702114800D01556 /* Frameworks */,
				7D0D61432702114800D01556 /* CopyFiles */,
			);
			buildRules = (
			);
			dependencies = (
			);
			name = BankSimulator;
			productName = BankSimulator;
			productReference = 7D0D61452702114800D01556 /* BankSimulator */;
			productType = "com.apple.product-type.tool";
		};
/* End PBXNativeTarget section */

/* Begin PBXProject section */
		7D0D613D2702114800D01556 /* Project object */ = {
			isa = PBXProject;
			attributes = {
				LastSwiftUpdateCheck = 1250;
				LastUpgradeCheck = 1250;
				TargetAttributes = {
					7D0D61442702114800D01556 = {
						CreatedOnToolsVersion = 12.5.1;
					};
				};
			};
			buildConfigurationList = 7D0D61402702114800D01556 /* Build configuration list for PBXProject "BankSimulator" */;
			compatibilityVersion = "Xcode 9.3";
			developmentRegion = en;
			hasScannedForEncodings = 0;
			knownRegions = (
				en,
				Base,
			);
			mainGroup = 7D0D613C2702114800D01556;
			productRefGroup = 7D0D61462702114800D01556 /* Products */;
			projectDirPath = "";
			projectRoot = "";
			targets = (
				7D0D61442702114800D01556 /* BankSimulator */,
			);
		};
/* End PBXProject section */

/* Begin PBXSourcesBuildPhase section */
		7D0D61412702114800D01556 /* Sources */ = {
			isa = PBXSourcesBuildPhase;
			buildActionMask = 2147483647;
			files = (
				7DD476B9270CC8FF0006FFA2 /* AccountDatabase.swift in Sources */,
				7D0D61492702114800D01556 /* main.swift in Sources */,
				7D8DB4FF270E0C75004BDB75 /* DatabaseErros.swift in Sources */,
				7D5728542705ED3D003B2227 /* UserView.swift in Sources */,
				7DD476B7270CC76B0006FFA2 /* UserDatabase.swift in Sources */,
				7D8DB502270E127B004BDB75 /* StringValidators.swift in Sources */,
				7D572856270601ED003B2227 /* UsersController.swift in Sources */,
				7D572858270631FB003B2227 /* PixModel.swift in Sources */,
				7D0D615227022BFD00D01556 /* AccountModel.swift in Sources */,
				7D8DB508270F5907004BDB75 /* Menu.swift in Sources */,
				7DF3CA732704F12200A557F8 /* UsersModel.swift in Sources */,
				7D0D61552702302800D01556 /* AccountsView.swift in Sources */,
				7D0D615A27025D7400D01556 /* AccountsController.swift in Sources */,
			);
			runOnlyForDeploymentPostprocessing = 0;
		};
/* End PBXSourcesBuildPhase section */

/* Begin XCBuildConfiguration section */
		7D0D614A2702114800D01556 /* Debug */ = {
			isa = XCBuildConfiguration;
			buildSettings = {
				ALWAYS_SEARCH_USER_PATHS = NO;
				CLANG_ANALYZER_NONNULL = YES;
				CLANG_ANALYZER_NUMBER_OBJECT_CONVERSION = YES_AGGRESSIVE;
				CLANG_CXX_LANGUAGE_STANDARD = "gnu++14";
				CLANG_CXX_LIBRARY = "libc++";
				CLANG_ENABLE_MODULES = YES;
				CLANG_ENABLE_OBJC_ARC = YES;
				CLANG_ENABLE_OBJC_WEAK = YES;
				CLANG_WARN_BLOCK_CAPTURE_AUTORELEASING = YES;
				CLANG_WARN_BOOL_CONVERSION = YES;
				CLANG_WARN_COMMA = YES;
				CLANG_WARN_CONSTANT_CONVERSION = YES;
				CLANG_WARN_DEPRECATED_OBJC_IMPLEMENTATIONS = YES;
				CLANG_WARN_DIRECT_OBJC_ISA_USAGE = YES_ERROR;
				CLANG_WARN_DOCUMENTATION_COMMENTS = YES;
				CLANG_WARN_EMPTY_BODY = YES;
				CLANG_WARN_ENUM_CONVERSION = YES;
				CLANG_WARN_INFINITE_RECURSION = YES;
				CLANG_WARN_INT_CONVERSION = YES;
				CLANG_WARN_NON_LITERAL_NULL_CONVERSION = YES;
				CLANG_WARN_OBJC_IMPLICIT_RETAIN_SELF = YES;
				CLANG_WARN_OBJC_LITERAL_CONVERSION = YES;
				CLANG_WARN_OBJC_ROOT_CLASS = YES_ERROR;
				CLANG_WARN_QUOTED_INCLUDE_IN_FRAMEWORK_HEADER = YES;
				CLANG_WARN_RANGE_LOOP_ANALYSIS = YES;
				CLANG_WARN_STRICT_PROTOTYPES = YES;
				CLANG_WARN_SUSPICIOUS_MOVE = YES;
				CLANG_WARN_UNGUARDED_AVAILABILITY = YES_AGGRESSIVE;
				CLANG_WARN_UNREACHABLE_CODE = YES;
				CLANG_WARN__DUPLICATE_METHOD_MATCH = YES;
				COPY_PHASE_STRIP = NO;
				DEBUG_INFORMATION_FORMAT = dwarf;
				ENABLE_STRICT_OBJC_MSGSEND = YES;
				ENABLE_TESTABILITY = YES;
				GCC_C_LANGUAGE_STANDARD = gnu11;
				GCC_DYNAMIC_NO_PIC = NO;
				GCC_NO_COMMON_BLOCKS = YES;
				GCC_OPTIMIZATION_LEVEL = 0;
				GCC_PREPROCESSOR_DEFINITIONS = (
					"DEBUG=1",
					"$(inherited)",
				);
				GCC_WARN_64_TO_32_BIT_CONVERSION = YES;
				GCC_WARN_ABOUT_RETURN_TYPE = YES_ERROR;
				GCC_WARN_UNDECLARED_SELECTOR = YES;
				GCC_WARN_UNINITIALIZED_AUTOS = YES_AGGRESSIVE;
				GCC_WARN_UNUSED_FUNCTION = YES;
				GCC_WARN_UNUSED_VARIABLE = YES;
				MACOSX_DEPLOYMENT_TARGET = 11.3;
				MTL_ENABLE_DEBUG_INFO = INCLUDE_SOURCE;
				MTL_FAST_MATH = YES;
				ONLY_ACTIVE_ARCH = YES;
				SDKROOT = macosx;
				SWIFT_ACTIVE_COMPILATION_CONDITIONS = DEBUG;
				SWIFT_OPTIMIZATION_LEVEL = "-Onone";
			};
			name = Debug;
		};
		7D0D614B2702114800D01556 /* Release */ = {
			isa = XCBuildConfiguration;
			buildSettings = {
				ALWAYS_SEARCH_USER_PATHS = NO;
				CLANG_ANALYZER_NONNULL = YES;
				CLANG_ANALYZER_NUMBER_OBJECT_CONVERSION = YES_AGGRESSIVE;
				CLANG_CXX_LANGUAGE_STANDARD = "gnu++14";
				CLANG_CXX_LIBRARY = "libc++";
				CLANG_ENABLE_MODULES = YES;
				CLANG_ENABLE_OBJC_ARC = YES;
				CLANG_ENABLE_OBJC_WEAK = YES;
				CLANG_WARN_BLOCK_CAPTURE_AUTORELEASING = YES;
				CLANG_WARN_BOOL_CONVERSION = YES;
				CLANG_WARN_COMMA = YES;
				CLANG_WARN_CONSTANT_CONVERSION = YES;
				CLANG_WARN_DEPRECATED_OBJC_IMPLEMENTATIONS = YES;
				CLANG_WARN_DIRECT_OBJC_ISA_USAGE = YES_ERROR;
				CLANG_WARN_DOCUMENTATION_COMMENTS = YES;
				CLANG_WARN_EMPTY_BODY = YES;
				CLANG_WARN_ENUM_CONVERSION = YES;
				CLANG_WARN_INFINITE_RECURSION = YES;
				CLANG_WARN_INT_CONVERSION = YES;
				CLANG_WARN_NON_LITERAL_NULL_CONVERSION = YES;
				CLANG_WARN_OBJC_IMPLICIT_RETAIN_SELF = YES;
				CLANG_WARN_OBJC_LITERAL_CONVERSION = YES;
				CLANG_WARN_OBJC_ROOT_CLASS = YES_ERROR;
				CLANG_WARN_QUOTED_INCLUDE_IN_FRAMEWORK_HEADER = YES;
				CLANG_WARN_RANGE_LOOP_ANALYSIS = YES;
				CLANG_WARN_STRICT_PROTOTYPES = YES;
				CLANG_WARN_SUSPICIOUS_MOVE = YES;
				CLANG_WARN_UNGUARDED_AVAILABILITY = YES_AGGRESSIVE;
				CLANG_WARN_UNREACHABLE_CODE = YES;
				CLANG_WARN__DUPLICATE_METHOD_MATCH = YES;
				COPY_PHASE_STRIP = NO;
				DEBUG_INFORMATION_FORMAT = "dwarf-with-dsym";
				ENABLE_NS_ASSERTIONS = NO;
				ENABLE_STRICT_OBJC_MSGSEND = YES;
				GCC_C_LANGUAGE_STANDARD = gnu11;
				GCC_NO_COMMON_BLOCKS = YES;
				GCC_WARN_64_TO_32_BIT_CONVERSION = YES;
				GCC_WARN_ABOUT_RETURN_TYPE = YES_ERROR;
				GCC_WARN_UNDECLARED_SELECTOR = YES;
				GCC_WARN_UNINITIALIZED_AUTOS = YES_AGGRESSIVE;
				GCC_WARN_UNUSED_FUNCTION = YES;
				GCC_WARN_UNUSED_VARIABLE = YES;
				MACOSX_DEPLOYMENT_TARGET = 11.3;
				MTL_ENABLE_DEBUG_INFO = NO;
				MTL_FAST_MATH = YES;
				SDKROOT = macosx;
				SWIFT_COMPILATION_MODE = wholemodule;
				SWIFT_OPTIMIZATION_LEVEL = "-O";
			};
			name = Release;
		};
		7D0D614D2702114800D01556 /* Debug */ = {
			isa = XCBuildConfiguration;
			buildSettings = {
				CODE_SIGN_STYLE = Automatic;
				DEVELOPMENT_TEAM = DPVS3VJWND;
				ENABLE_HARDENED_RUNTIME = YES;
				PRODUCT_NAME = "$(TARGET_NAME)";
				SWIFT_VERSION = 5.0;
			};
			name = Debug;
		};
		7D0D614E2702114800D01556 /* Release */ = {
			isa = XCBuildConfiguration;
			buildSettings = {
				CODE_SIGN_STYLE = Automatic;
				DEVELOPMENT_TEAM = DPVS3VJWND;
				ENABLE_HARDENED_RUNTIME = YES;
				PRODUCT_NAME = "$(TARGET_NAME)";
				SWIFT_VERSION = 5.0;
			};
			name = Release;
		};
/* End XCBuildConfiguration section */

/* Begin XCConfigurationList section */
		7D0D61402702114800D01556 /* Build configuration list for PBXProject "BankSimulator" */ = {
			isa = XCConfigurationList;
			buildConfigurations = (
				7D0D614A2702114800D01556 /* Debug */,
				7D0D614B2702114800D01556 /* Release */,
			);
			defaultConfigurationIsVisible = 0;
			defaultConfigurationName = Release;
		};
		7D0D614C2702114800D01556 /* Build configuration list for PBXNativeTarget "BankSimulator" */ = {
			isa = XCConfigurationList;
			buildConfigurations = (
				7D0D614D2702114800D01556 /* Debug */,
				7D0D614E2702114800D01556 /* Release */,
			);
			defaultConfigurationIsVisible = 0;
			defaultConfigurationName = Release;
		};
/* End XCConfigurationList section */
	};
	rootObject = 7D0D613D2702114800D01556 /* Project object */;
}
